
Microsoft Visual Studio Solution File, Format Version 12.00
# Visual Studio Version 17
VisualStudioVersion = 17.5.33530.505
MinimumVisualStudioVersion = 10.0.40219.1
Project("{2150E333-8FDC-42A3-9474-1A3956D46DE8}") = "01 - Presentation", "01 - Presentation", "{58C1E3CE-55F0-4898-8BDD-11FF92842536}"
EndProject
Project("{2150E333-8FDC-42A3-9474-1A3956D46DE8}") = "02 - Domain", "02 - Domain", "{8FF0246A-E31C-45CC-9157-C631D7E8269C}"
EndProject
Project("{2150E333-8FDC-42A3-9474-1A3956D46DE8}") = "03 - Infra", "03 - Infra", "{C205A34A-7D97-4187-A5CD-6F727248021C}"
EndProject
Project("{2150E333-8FDC-42A3-9474-1A3956D46DE8}") = "04 - CrossCutting", "04 - CrossCutting", "{B9F61409-3B31-45A7-ADD4-52214DFE872F}"
EndProject
Project("{2150E333-8FDC-42A3-9474-1A3956D46DE8}") = "05 - Services", "05 - Services", "{ACE25B7D-63CC-4234-8E2C-140CAFCA61F6}"
EndProject
Project("{2150E333-8FDC-42A3-9474-1A3956D46DE8}") = "99 - Tests", "99 - Tests", "{61506AB4-128A-4C76-B42A-9EF23116957B}"
EndProject
Project("{FAE04EC0-301F-11D3-BF4B-00C04F79EFBC}") = "TitherEmail.Api", "src\TitherEmail.Api\TitherEmail.Api.csproj", "{7BF5FAEC-7D30-4BCB-81B1-33E7CA5535DC}"
EndProject
Project("{FAE04EC0-301F-11D3-BF4B-00C04F79EFBC}") = "TitherEmail.Domain", "src\TitherEmail.Domain\TitherEmail.Domain.csproj", "{36F4CB32-BCEA-409B-A2F8-79EC862760EF}"
EndProject
Project("{2150E333-8FDC-42A3-9474-1A3956D46DE8}") = "03.01 - Data", "03.01 - Data", "{493C3353-FBF2-43F0-95D7-C1F5A364D24B}"
EndProject
Project("{FAE04EC0-301F-11D3-BF4B-00C04F79EFBC}") = "TitherEmail.Data", "src\TitherEmail.Data\TitherEmail.Data.csproj", "{821939CD-698E-413A-A764-1C5F1CD75990}"
EndProject
Project("{2150E333-8FDC-42A3-9474-1A3956D46DE8}") = "04.01 - IoC", "04.01 - IoC", "{3C6E8503-3F9E-4A44-9FD2-46136CEDB6CD}"
EndProject
Project("{2150E333-8FDC-42A3-9474-1A3956D46DE8}") = "04.02 - Shared", "04.02 - Shared", "{817AE060-C2FF-49AD-A853-50381363DAAD}"
EndProject
Project("{FAE04EC0-301F-11D3-BF4B-00C04F79EFBC}") = "TitherEmail.IoC", "src\TitherEmail.IoC\TitherEmail.IoC.csproj", "{1959DCC8-2933-4A9C-A53D-88306D655B50}"
EndProject
Project("{FAE04EC0-301F-11D3-BF4B-00C04F79EFBC}") = "TitherEmail.Shared", "src\TitherEmail.Shared\TitherEmail.Shared.csproj", "{27F8C762-D1D9-48C3-86DC-7DC853F144FF}"
EndProject
Project("{FAE04EC0-301F-11D3-BF4B-00C04F79EFBC}") = "TitherEmail.Services", "src\TitherEmail.Services\TitherEmail.Services.csproj", "{F93AD8BF-8975-48E6-A21F-CC1BDF55A1A9}"
EndProject
Project("{FAE04EC0-301F-11D3-BF4B-00C04F79EFBC}") = "TitherEmail.Tests", "tests\TitherEmail.Tests\TitherEmail.Tests.csproj", "{6E9BD4AC-F06C-44A2-BDBB-FA2EF27B2DC1}"
EndProject
Global
	GlobalSection(SolutionConfigurationPlatforms) = preSolution
		Debug|Any CPU = Debug|Any CPU
		Release|Any CPU = Release|Any CPU
	EndGlobalSection
	GlobalSection(ProjectConfigurationPlatforms) = postSolution
		{7BF5FAEC-7D30-4BCB-81B1-33E7CA5535DC}.Debug|Any CPU.ActiveCfg = Debug|Any CPU
		{7BF5FAEC-7D30-4BCB-81B1-33E7CA5535DC}.Debug|Any CPU.Build.0 = Debug|Any CPU
		{7BF5FAEC-7D30-4BCB-81B1-33E7CA5535DC}.Release|Any CPU.ActiveCfg = Release|Any CPU
		{7BF5FAEC-7D30-4BCB-81B1-33E7CA5535DC}.Release|Any CPU.Build.0 = Release|Any CPU
		{36F4CB32-BCEA-409B-A2F8-79EC862760EF}.Debug|Any CPU.ActiveCfg = Debug|Any CPU
		{36F4CB32-BCEA-409B-A2F8-79EC862760EF}.Debug|Any CPU.Build.0 = Debug|Any CPU
		{36F4CB32-BCEA-409B-A2F8-79EC862760EF}.Release|Any CPU.ActiveCfg = Release|Any CPU
		{36F4CB32-BCEA-409B-A2F8-79EC862760EF}.Release|Any CPU.Build.0 = Release|Any CPU
		{821939CD-698E-413A-A764-1C5F1CD75990}.Debug|Any CPU.ActiveCfg = Debug|Any CPU
		{821939CD-698E-413A-A764-1C5F1CD75990}.Debug|Any CPU.Build.0 = Debug|Any CPU
		{821939CD-698E-413A-A764-1C5F1CD75990}.Release|Any CPU.ActiveCfg = Release|Any CPU
		{821939CD-698E-413A-A764-1C5F1CD75990}.Release|Any CPU.Build.0 = Release|Any CPU
		{1959DCC8-2933-4A9C-A53D-88306D655B50}.Debug|Any CPU.ActiveCfg = Debug|Any CPU
		{1959DCC8-2933-4A9C-A53D-88306D655B50}.Debug|Any CPU.Build.0 = Debug|Any CPU
		{1959DCC8-2933-4A9C-A53D-88306D655B50}.Release|Any CPU.ActiveCfg = Release|Any CPU
		{1959DCC8-2933-4A9C-A53D-88306D655B50}.Release|Any CPU.Build.0 = Release|Any CPU
		{27F8C762-D1D9-48C3-86DC-7DC853F144FF}.Debug|Any CPU.ActiveCfg = Debug|Any CPU
		{27F8C762-D1D9-48C3-86DC-7DC853F144FF}.Debug|Any CPU.Build.0 = Debug|Any CPU
		{27F8C762-D1D9-48C3-86DC-7DC853F144FF}.Release|Any CPU.ActiveCfg = Release|Any CPU
		{27F8C762-D1D9-48C3-86DC-7DC853F144FF}.Release|Any CPU.Build.0 = Release|Any CPU
		{F93AD8BF-8975-48E6-A21F-CC1BDF55A1A9}.Debug|Any CPU.ActiveCfg = Debug|Any CPU
		{F93AD8BF-8975-48E6-A21F-CC1BDF55A1A9}.Debug|Any CPU.Build.0 = Debug|Any CPU
		{F93AD8BF-8975-48E6-A21F-CC1BDF55A1A9}.Release|Any CPU.ActiveCfg = Release|Any CPU
		{F93AD8BF-8975-48E6-A21F-CC1BDF55A1A9}.Release|Any CPU.Build.0 = Release|Any CPU
		{6E9BD4AC-F06C-44A2-BDBB-FA2EF27B2DC1}.Debug|Any CPU.ActiveCfg = Debug|Any CPU
		{6E9BD4AC-F06C-44A2-BDBB-FA2EF27B2DC1}.Debug|Any CPU.Build.0 = Debug|Any CPU
		{6E9BD4AC-F06C-44A2-BDBB-FA2EF27B2DC1}.Release|Any CPU.ActiveCfg = Release|Any CPU
		{6E9BD4AC-F06C-44A2-BDBB-FA2EF27B2DC1}.Release|Any CPU.Build.0 = Release|Any CPU
	EndGlobalSection
	GlobalSection(SolutionProperties) = preSolution
		HideSolutionNode = FALSE
	EndGlobalSection
	GlobalSection(NestedProjects) = preSolution
		{7BF5FAEC-7D30-4BCB-81B1-33E7CA5535DC} = {58C1E3CE-55F0-4898-8BDD-11FF92842536}
		{36F4CB32-BCEA-409B-A2F8-79EC862760EF} = {8FF0246A-E31C-45CC-9157-C631D7E8269C}
		{493C3353-FBF2-43F0-95D7-C1F5A364D24B} = {C205A34A-7D97-4187-A5CD-6F727248021C}
		{821939CD-698E-413A-A764-1C5F1CD75990} = {493C3353-FBF2-43F0-95D7-C1F5A364D24B}
		{3C6E8503-3F9E-4A44-9FD2-46136CEDB6CD} = {B9F61409-3B31-45A7-ADD4-52214DFE872F}
		{817AE060-C2FF-49AD-A853-50381363DAAD} = {B9F61409-3B31-45A7-ADD4-52214DFE872F}
		{1959DCC8-2933-4A9C-A53D-88306D655B50} = {3C6E8503-3F9E-4A44-9FD2-46136CEDB6CD}
		{27F8C762-D1D9-48C3-86DC-7DC853F144FF} = {817AE060-C2FF-49AD-A853-50381363DAAD}
		{F93AD8BF-8975-48E6-A21F-CC1BDF55A1A9} = {ACE25B7D-63CC-4234-8E2C-140CAFCA61F6}
		{6E9BD4AC-F06C-44A2-BDBB-FA2EF27B2DC1} = {61506AB4-128A-4C76-B42A-9EF23116957B}
	EndGlobalSection
	GlobalSection(ExtensibilityGlobals) = postSolution
		SolutionGuid = {7CBB056A-2EAF-4B49-9456-36BE8442DCEA}
	EndGlobalSection
EndGlobal
